// !$*UTF8*$!
{
	archiveVersion = 1;
	classes = {
	};
	objectVersion = 46;
	objects = {

/* Begin PBXBuildFile section */
		56626CD32148E7F0003F53F2 /* main.m in Sources */ = {isa = PBXBuildFile; fileRef = 56626CD22148E7F0003F53F2 /* main.m */; };
		56626CD62148E7F0003F53F2 /* AppDelegate.m in Sources */ = {isa = PBXBuildFile; fileRef = 56626CD52148E7F0003F53F2 /* AppDelegate.m */; };
		56626CDE2148E7F0003F53F2 /* Assets.xcassets in Resources */ = {isa = PBXBuildFile; fileRef = 56626CDD2148E7F0003F53F2 /* Assets.xcassets */; };
		56626CE12148E7F0003F53F2 /* LaunchScreen.storyboard in Resources */ = {isa = PBXBuildFile; fileRef = 56626CDF2148E7F0003F53F2 /* LaunchScreen.storyboard */; };
		56626CED2148E955003F53F2 /* BNRCourseViewController.m in Sources */ = {isa = PBXBuildFile; fileRef = 56626CEC2148E955003F53F2 /* BNRCourseViewController.m */; };
		56626CF02148F803003F53F2 /* BNRWebViewController.m in Sources */ = {isa = PBXBuildFile; fileRef = 56626CEF2148F803003F53F2 /* BNRWebViewController.m */; };
/* End PBXBuildFile section */

/* Begin PBXFileReference section */
		56626CCE2148E7F0003F53F2 /* Nerdfeed.app */ = {isa = PBXFileReference; explicitFileType = wrapper.application; includeInIndex = 0; path = Nerdfeed.app; sourceTree = BUILT_PRODUCTS_DIR; };
		56626CD22148E7F0003F53F2 /* main.m */ = {isa = PBXFileReference; lastKnownFileType = sourcecode.c.objc; path = main.m; sourceTree = "<group>"; };
		56626CD42148E7F0003F53F2 /* AppDelegate.h */ = {isa = PBXFileReference; lastKnownFileType = sourcecode.c.h; path = AppDelegate.h; sourceTree = "<group>"; };
		56626CD52148E7F0003F53F2 /* AppDelegate.m */ = {isa = PBXFileReference; lastKnownFileType = sourcecode.c.objc; path = AppDelegate.m; sourceTree = "<group>"; };
		56626CDD2148E7F0003F53F2 /* Assets.xcassets */ = {isa = PBXFileReference; lastKnownFileType = folder.assetcatalog; path = Assets.xcassets; sourceTree = "<group>"; };
		56626CE02148E7F0003F53F2 /* Base */ = {isa = PBXFileReference; lastKnownFileType = file.storyboard; name = Base; path = Base.lproj/LaunchScreen.storyboard; sourceTree = "<group>"; };
		56626CE22148E7F0003F53F2 /* Info.plist */ = {isa = PBXFileReference; lastKnownFileType = text.plist.xml; path = Info.plist; sourceTree = "<group>"; };
		56626CEB2148E955003F53F2 /* BNRCourseViewController.h */ = {isa = PBXFileReference; fileEncoding = 4; lastKnownFileType = sourcecode.c.h; path = BNRCourseViewController.h; sourceTree = "<group>"; };
		56626CEC2148E955003F53F2 /* BNRCourseViewController.m */ = {isa = PBXFileReference; fileEncoding = 4; lastKnownFileType = sourcecode.c.objc; path = BNRCourseViewController.m; sourceTree = "<group>"; };
		56626CEE2148F803003F53F2 /* BNRWebViewController.h */ = {isa = PBXFileReference; fileEncoding = 4; lastKnownFileType = sourcecode.c.h; path = BNRWebViewController.h; sourceTree = "<group>"; };
		56626CEF2148F803003F53F2 /* BNRWebViewController.m */ = {isa = PBXFileReference; fileEncoding = 4; lastKnownFileType = sourcecode.c.objc; path = BNRWebViewController.m; sourceTree = "<group>"; };
/* End PBXFileReference section */

/* Begin PBXFrameworksBuildPhase section */
		56626CCB2148E7F0003F53F2 /* Frameworks */ = {
			isa = PBXFrameworksBuildPhase;
			buildActionMask = 2147483647;
			files = (
			);
			runOnlyForDeploymentPostprocessing = 0;
		};
/* End PBXFrameworksBuildPhase section */

/* Begin PBXGroup section */
		56626CC52148E7F0003F53F2 = {
			isa = PBXGroup;
			children = (
				56626CD02148E7F0003F53F2 /* Nerdfeed */,
				56626CCF2148E7F0003F53F2 /* Products */,
			);
			sourceTree = "<group>";
		};
		56626CCF2148E7F0003F53F2 /* Products */ = {
			isa = PBXGroup;
			children = (
				56626CCE2148E7F0003F53F2 /* Nerdfeed.app */,
			);
			name = Products;
			sourceTree = "<group>";
		};
		56626CD02148E7F0003F53F2 /* Nerdfeed */ = {
			isa = PBXGroup;
			children = (
				56626CD42148E7F0003F53F2 /* AppDelegate.h */,
				56626CD52148E7F0003F53F2 /* AppDelegate.m */,
				56626CEB2148E955003F53F2 /* BNRCourseViewController.h */,
				56626CEC2148E955003F53F2 /* BNRCourseViewController.m */,
				56626CEE2148F803003F53F2 /* BNRWebViewController.h */,
				56626CEF2148F803003F53F2 /* BNRWebViewController.m */,
				56626CDD2148E7F0003F53F2 /* Assets.xcassets */,
				56626CDF2148E7F0003F53F2 /* LaunchScreen.storyboard */,
				56626CE22148E7F0003F53F2 /* Info.plist */,
				56626CD12148E7F0003F53F2 /* Supporting Files */,
			);
			path = Nerdfeed;
			sourceTree = "<group>";
		};
		56626CD12148E7F0003F53F2 /* Supporting Files */ = {
			isa = PBXGroup;
			children = (
				56626CD22148E7F0003F53F2 /* main.m */,
			);
			name = "Supporting Files";
			sourceTree = "<group>";
		};
/* End PBXGroup section */

/* Begin PBXNativeTarget section */
		56626CCD2148E7F0003F53F2 /* Nerdfeed */ = {
			isa = PBXNativeTarget;
			buildConfigurationList = 56626CE52148E7F0003F53F2 /* Build configuration list for PBXNativeTarget "Nerdfeed" */;
			buildPhases = (
				56626CCA2148E7F0003F53F2 /* Sources */,
				56626CCB2148E7F0003F53F2 /* Frameworks */,
				56626CCC2148E7F0003F53F2 /* Resources */,
			);
			buildRules = (
			);
			dependencies = (
			);
			name = Nerdfeed;
			productName = Nerdfeed;
			productReference = 56626CCE2148E7F0003F53F2 /* Nerdfeed.app */;
			productType = "com.apple.product-type.application";
		};
/* End PBXNativeTarget section */

/* Begin PBXProject section */
		56626CC62148E7F0003F53F2 /* Project object */ = {
			isa = PBXProject;
			attributes = {
				CLASSPREFIX = BNR;
				LastUpgradeCheck = 0830;
				ORGANIZATIONNAME = rzz;
				TargetAttributes = {
					56626CCD2148E7F0003F53F2 = {
						CreatedOnToolsVersion = 8.3;
						ProvisioningStyle = Automatic;
					};
				};
			};
			buildConfigurationList = 56626CC92148E7F0003F53F2 /* Build configuration list for PBXProject "Nerdfeed" */;
			compatibilityVersion = "Xcode 3.2";
			developmentRegion = English;
			hasScannedForEncodings = 0;
			knownRegions = (
				en,
				Base,
			);
			mainGroup = 56626CC52148E7F0003F53F2;
			productRefGroup = 56626CCF2148E7F0003F53F2 /* Products */;
			projectDirPath = "";
			projectRoot = "";
			targets = (
				56626CCD2148E7F0003F53F2 /* Nerdfeed */,
			);
		};
/* End PBXProject section */

/* Begin PBXResourcesBuildPhase section */
		56626CCC2148E7F0003F53F2 /* Resources */ = {
			isa = PBXResourcesBuildPhase;
			buildActionMask = 2147483647;
			files = (
				56626CE12148E7F0003F53F2 /* LaunchScreen.storyboard in Resources */,
				56626CDE2148E7F0003F53F2 /* Assets.xcassets in Resources */,
			);
			runOnlyForDeploymentPostprocessing = 0;
		};
/* End PBXResourcesBuildPhase section */

/* Begin PBXSourcesBuildPhase section */
		56626CCA2148E7F0003F53F2 /* Sources */ = {
			isa = PBXSourcesBuildPhase;
			buildActionMask = 2147483647;
			files = (
				56626CF02148F803003F53F2 /* BNRWebViewController.m in Sources */,
				56626CD62148E7F0003F53F2 /* AppDelegate.m in Sources */,
				56626CD32148E7F0003F53F2 /* main.m in Sources */,
				56626CED2148E955003F53F2 /* BNRCourseViewController.m in Sources */,
			);
			runOnlyForDeploymentPostprocessing = 0;
		};
/* End PBXSourcesBuildPhase section */

/* Begin PBXVariantGroup section */
		56626CDF2148E7F0003F53F2 /* LaunchScreen.storyboard */ = {
			isa = PBXVariantGroup;
			children = (
				56626CE02148E7F0003F53F2 /* Base */,
			);
			name = LaunchScreen.storyboard;
			sourceTree = "<group>";
		};
/* End PBXVariantGroup section */

/* Begin XCBuildConfiguration section */
		56626CE32148E7F0003F53F2 /* Debug */ = {
			isa = XCBuildConfiguration;
			buildSettings = {
				ALWAYS_SEARCH_USER_PATHS = NO;
				CLANG_ANALYZER_NONNULL = YES;
				CLANG_ANALYZER_NUMBER_OBJECT_CONVERSION = YES_AGGRESSIVE;
				CLANG_CXX_LANGUAGE_STANDARD = "gnu++0x";
				CLANG_CXX_LIBRARY = "libc++";
				CLANG_ENABLE_MODULES = YES;
				CLANG_ENABLE_OBJC_ARC = YES;
				CLANG_WARN_BOOL_CONVERSION = YES;
				CLANG_WARN_CONSTANT_CONVERSION = YES;
				CLANG_WARN_DIRECT_OBJC_ISA_USAGE = YES_ERROR;
				CLANG_WARN_DOCUMENTATION_COMMENTS = YES;
				CLANG_WARN_EMPTY_BODY = YES;
				CLANG_WARN_ENUM_CONVERSION = YES;
				CLANG_WARN_INFINITE_RECURSION = YES;
				CLANG_WARN_INT_CONVERSION = YES;
				CLANG_WARN_OBJC_ROOT_CLASS = YES_ERROR;
				CLANG_WARN_SUSPICIOUS_MOVE = YES;
				CLANG_WARN_UNREACHABLE_CODE = YES;
				CLANG_WARN__DUPLICATE_METHOD_MATCH = YES;
				"CODE_SIGN_IDENTITY[sdk=iphoneos*]" = "iPhone Developer";
				COPY_PHASE_STRIP = NO;
				DEBUG_INFORMATION_FORMAT = dwarf;
				ENABLE_STRICT_OBJC_MSGSEND = YES;
				ENABLE_TESTABILITY = YES;
				GCC_C_LANGUAGE_STANDARD = gnu99;
				GCC_DYNAMIC_NO_PIC = NO;
				GCC_NO_COMMON_BLOCKS = YES;
				GCC_OPTIMIZATION_LEVEL = 0;
				GCC_PREPROCESSOR_DEFINITIONS = (
					"DEBUG=1",
					"$(inherited)",
				);
				GCC_WARN_64_TO_32_BIT_CONVERSION = YES;
				GCC_WARN_ABOUT_RETURN_TYPE = YES_ERROR;
				GCC_WARN_UNDECLARED_SELECTOR = YES;
				GCC_WARN_UNINITIALIZED_AUTOS = YES_AGGRESSIVE;
				GCC_WARN_UNUSED_FUNCTION = YES;
				GCC_WARN_UNUSED_VARIABLE = YES;
				IPHONEOS_DEPLOYMENT_TARGET = 10.3;
				MTL_ENABLE_DEBUG_INFO = YES;
				ONLY_ACTIVE_ARCH = YES;
				SDKROOT = iphoneos;
				TARGETED_DEVICE_FAMILY = 2;
			};
			name = Debug;
		};
		56626CE42148E7F0003F53F2 /* Release */ = {
			isa = XCBuildConfiguration;
			buildSettings = {
				ALWAYS_SEARCH_USER_PATHS = NO;
				CLANG_ANALYZER_NONNULL = YES;
				CLANG_ANALYZER_NUMBER_OBJECT_CONVERSION = YES_AGGRESSIVE;
				CLANG_CXX_LANGUAGE_STANDARD = "gnu++0x";
				CLANG_CXX_LIBRARY = "libc++";
				CLANG_ENABLE_MODULES = YES;
				CLANG_ENABLE_OBJC_ARC = YES;
				CLANG_WARN_BOOL_CONVERSION = YES;
				CLANG_WARN_CONSTANT_CONVERSION = YES;
				CLANG_WARN_DIRECT_OBJC_ISA_USAGE = YES_ERROR;
				CLANG_WARN_DOCUMENTATION_COMMENTS = YES;
				CLANG_WARN_EMPTY_BODY = YES;
				CLANG_WARN_ENUM_CONVERSION = YES;
				CLANG_WARN_INFINITE_RECURSION = YES;
				CLANG_WARN_INT_CONVERSION = YES;
				CLANG_WARN_OBJC_ROOT_CLASS = YES_ERROR;
				CLANG_WARN_SUSPICIOUS_MOVE = YES;
				CLANG_WARN_UNREACHABLE_CODE = YES;
				CLANG_WARN__DUPLICATE_METHOD_MATCH = YES;
				"CODE_SIGN_IDENTITY[sdk=iphoneos*]" = "iPhone Developer";
				COPY_PHASE_STRIP = NO;
				DEBUG_INFORMATION_FORMAT = "dwarf-with-dsym";
				ENABLE_NS_ASSERTIONS = NO;
				ENABLE_STRICT_OBJC_MSGSEND = YES;
				GCC_C_LANGUAGE_STANDARD = gnu99;
				GCC_NO_COMMON_BLOCKS = YES;
				GCC_WARN_64_TO_32_BIT_CONVERSION = YES;
				GCC_WARN_ABOUT_RETURN_TYPE = YES_ERROR;
				GCC_WARN_UNDECLARED_SELECTOR = YES;
				GCC_WARN_UNINITIALIZED_AUTOS = YES_AGGRESSIVE;
				GCC_WARN_UNUSED_FUNCTION = YES;
				GCC_WARN_UNUSED_VARIABLE = YES;
				IPHONEOS_DEPLOYMENT_TARGET = 10.3;
				MTL_ENABLE_DEBUG_INFO = NO;
				SDKROOT = iphoneos;
				TARGETED_DEVICE_FAMILY = 2;
				VALIDATE_PRODUCT = YES;
			};
			name = Release;
		};
		56626CE62148E7F0003F53F2 /* Debug */ = {
			isa = XCBuildConfiguration;
			buildSettings = {
				ASSETCATALOG_COMPILER_APPICON_NAME = AppIcon;
				ASSETCATALOG_COMPILER_LAUNCHIMAGE_NAME = LaunchImage;
				INFOPLIST_FILE = Nerdfeed/Info.plist;
				LD_RUNPATH_SEARCH_PATHS = "$(inherited) @executable_path/Frameworks";
				PRODUCT_BUNDLE_IDENTIFIER = com.rzz.Nerdfeed;
				PRODUCT_NAME = "$(TARGET_NAME)";
				TARGETED_DEVICE_FAMILY = "1,2";
			};
			name = Debug;
		};
		56626CE72148E7F0003F53F2 /* Release */ = {
			isa = XCBuildConfiguration;
			buildSettings = {
				ASSETCATALOG_COMPILER_APPICON_NAME = AppIcon;
				ASSETCATALOG_COMPILER_LAUNCHIMAGE_NAME = LaunchImage;
				INFOPLIST_FILE = Nerdfeed/Info.plist;
				LD_RUNPATH_SEARCH_PATHS = "$(inherited) @executable_path/Frameworks";
				PRODUCT_BUNDLE_IDENTIFIER = com.rzz.Nerdfeed;
				PRODUCT_NAME = "$(TARGET_NAME)";
				TARGETED_DEVICE_FAMILY = "1,2";
			};
			name = Release;
		};
/* End XCBuildConfiguration section */

/* Begin XCConfigurationList section */
		56626CC92148E7F0003F53F2 /* Build configuration list for PBXProject "Nerdfeed" */ = {
			isa = XCConfigurationList;
			buildConfigurations = (
				56626CE32148E7F0003F53F2 /* Debug */,
				56626CE42148E7F0003F53F2 /* Release */,
			);
			defaultConfigurationIsVisible = 0;
			defaultConfigurationName = Release;
		};
		56626CE52148E7F0003F53F2 /* Build configuration list for PBXNativeTarget "Nerdfeed" */ = {
			isa = XCConfigurationList;
			buildConfigurations = (
				56626CE62148E7F0003F53F2 /* Debug */,
				56626CE72148E7F0003F53F2 /* Release */,
			);
			defaultConfigurationIsVisible = 0;
		};
/* End XCConfigurationList section */
	};
	rootObject = 56626CC62148E7F0003F53F2 /* Project object */;
}
